
Microsoft Visual Studio Solution File, Format Version 12.00
# Visual Studio Version 17
VisualStudioVersion = 17.3.32819.101
MinimumVisualStudioVersion = 10.0.40219.1
Project("{2150E333-8FDC-42A3-9474-1A3956D46DE8}") = "Authentication", "Authentication", "{70428B02-8879-4716-B3BA-3AE71D50DBB6}"
EndProject
Project("{2150E333-8FDC-42A3-9474-1A3956D46DE8}") = "UserService", "UserService", "{E555EBB2-2D41-498A-ADCF-2C23008AEB21}"
EndProject
Project("{2150E333-8FDC-42A3-9474-1A3956D46DE8}") = "Infrastructure", "Infrastructure", "{16840266-3808-4D8D-A5CE-FC7B163DC51B}"
EndProject
Project("{2150E333-8FDC-42A3-9474-1A3956D46DE8}") = "Core", "Core", "{7F76BAEE-13AD-44F5-8918-FF11269A7EF8}"
EndProject
Project("{2150E333-8FDC-42A3-9474-1A3956D46DE8}") = "Presentation", "Presentation", "{71BB5DC9-640A-4787-A67E-A1D03E9486B7}"
EndProject
Project("{2150E333-8FDC-42A3-9474-1A3956D46DE8}") = "Presentation", "Presentation", "{AF53F0E7-2AEB-4E57-818C-48E922EEBE99}"
EndProject
Project("{2150E333-8FDC-42A3-9474-1A3956D46DE8}") = "Application", "Application", "{9B436987-FAB1-481C-A5C0-A7926B3C349A}"
EndProject
Project("{2150E333-8FDC-42A3-9474-1A3956D46DE8}") = "Core", "Core", "{2447C2B9-FD9D-41D3-9615-E46BE6AE6787}"
EndProject
Project("{2150E333-8FDC-42A3-9474-1A3956D46DE8}") = "Infrastructure", "Infrastructure", "{B91A2C59-3761-4136-876B-76E4BBB5212E}"
EndProject
Project("{9A19103F-16F7-4668-BE54-9A1E7A4F7556}") = "UserEndpoint", "PeapleInfoService\InfoEndpoint\UserEndpoint.csproj", "{9968E894-4297-43CE-A655-BB659AFA2D7C}"
EndProject
Project("{9A19103F-16F7-4668-BE54-9A1E7A4F7556}") = "Infrastructure", "PeapleInfoService\Infrastructure\Infrastructure.csproj", "{D7CC84BE-9BD5-4200-B64A-BEA0FEADE0F0}"
	ProjectSection(ProjectDependencies) = postProject
		{21E8A58E-703C-438C-9BAB-85A5BCF2CFF8} = {21E8A58E-703C-438C-9BAB-85A5BCF2CFF8}
	EndProjectSection
EndProject
Project("{9A19103F-16F7-4668-BE54-9A1E7A4F7556}") = "Core", "PeapleInfoService\Core\Core.csproj", "{F99D67F8-BAE2-42A6-8402-A0A32A606BBE}"
EndProject
Project("{9A19103F-16F7-4668-BE54-9A1E7A4F7556}") = "Application", "AuthService\Application\Application.csproj", "{4BCF2A76-10D6-4411-93DD-05E5C1AACC90}"
EndProject
Project("{9A19103F-16F7-4668-BE54-9A1E7A4F7556}") = "Core", "AuthService\Common\Core.csproj", "{C1B833E6-9212-438C-BA8A-6C8A02F79397}"
EndProject
Project("{9A19103F-16F7-4668-BE54-9A1E7A4F7556}") = "Infrastructure", "AuthService\Infrastructure\Infrastructure.csproj", "{AC2C4844-4BF5-4ABC-A5D3-5322CA99AAF8}"
	ProjectSection(ProjectDependencies) = postProject
		{4BCF2A76-10D6-4411-93DD-05E5C1AACC90} = {4BCF2A76-10D6-4411-93DD-05E5C1AACC90}
	EndProjectSection
EndProject
Project("{9A19103F-16F7-4668-BE54-9A1E7A4F7556}") = "AuthenticationEndpoint", "AuthService\AuthEndpoint\AuthenticationEndpoint.csproj", "{599A2BC8-C27B-4706-885A-5E06437B6F55}"
EndProject
Project("{2150E333-8FDC-42A3-9474-1A3956D46DE8}") = "Application", "Application", "{1D167908-53C8-4063-BD6E-B5FF8CDB78B1}"
EndProject
Project("{9A19103F-16F7-4668-BE54-9A1E7A4F7556}") = "Application", "PeapleInfoService\Application\Application.csproj", "{21E8A58E-703C-438C-9BAB-85A5BCF2CFF8}"
	ProjectSection(ProjectDependencies) = postProject
		{F99D67F8-BAE2-42A6-8402-A0A32A606BBE} = {F99D67F8-BAE2-42A6-8402-A0A32A606BBE}
	EndProjectSection
EndProject
Global
	GlobalSection(SolutionConfigurationPlatforms) = preSolution
		Debug|Any CPU = Debug|Any CPU
		Release|Any CPU = Release|Any CPU
	EndGlobalSection
	GlobalSection(ProjectConfigurationPlatforms) = postSolution
		{9968E894-4297-43CE-A655-BB659AFA2D7C}.Debug|Any CPU.ActiveCfg = Debug|Any CPU
		{9968E894-4297-43CE-A655-BB659AFA2D7C}.Debug|Any CPU.Build.0 = Debug|Any CPU
		{9968E894-4297-43CE-A655-BB659AFA2D7C}.Release|Any CPU.ActiveCfg = Release|Any CPU
		{9968E894-4297-43CE-A655-BB659AFA2D7C}.Release|Any CPU.Build.0 = Release|Any CPU
		{D7CC84BE-9BD5-4200-B64A-BEA0FEADE0F0}.Debug|Any CPU.ActiveCfg = Debug|Any CPU
		{D7CC84BE-9BD5-4200-B64A-BEA0FEADE0F0}.Debug|Any CPU.Build.0 = Debug|Any CPU
		{D7CC84BE-9BD5-4200-B64A-BEA0FEADE0F0}.Release|Any CPU.ActiveCfg = Release|Any CPU
		{D7CC84BE-9BD5-4200-B64A-BEA0FEADE0F0}.Release|Any CPU.Build.0 = Release|Any CPU
		{F99D67F8-BAE2-42A6-8402-A0A32A606BBE}.Debug|Any CPU.ActiveCfg = Debug|Any CPU
		{F99D67F8-BAE2-42A6-8402-A0A32A606BBE}.Debug|Any CPU.Build.0 = Debug|Any CPU
		{F99D67F8-BAE2-42A6-8402-A0A32A606BBE}.Release|Any CPU.ActiveCfg = Release|Any CPU
		{F99D67F8-BAE2-42A6-8402-A0A32A606BBE}.Release|Any CPU.Build.0 = Release|Any CPU
		{4BCF2A76-10D6-4411-93DD-05E5C1AACC90}.Debug|Any CPU.ActiveCfg = Debug|Any CPU
		{4BCF2A76-10D6-4411-93DD-05E5C1AACC90}.Debug|Any CPU.Build.0 = Debug|Any CPU
		{4BCF2A76-10D6-4411-93DD-05E5C1AACC90}.Release|Any CPU.ActiveCfg = Release|Any CPU
		{4BCF2A76-10D6-4411-93DD-05E5C1AACC90}.Release|Any CPU.Build.0 = Release|Any CPU
		{C1B833E6-9212-438C-BA8A-6C8A02F79397}.Debug|Any CPU.ActiveCfg = Debug|Any CPU
		{C1B833E6-9212-438C-BA8A-6C8A02F79397}.Debug|Any CPU.Build.0 = Debug|Any CPU
		{C1B833E6-9212-438C-BA8A-6C8A02F79397}.Release|Any CPU.ActiveCfg = Release|Any CPU
		{C1B833E6-9212-438C-BA8A-6C8A02F79397}.Release|Any CPU.Build.0 = Release|Any CPU
		{AC2C4844-4BF5-4ABC-A5D3-5322CA99AAF8}.Debug|Any CPU.ActiveCfg = Debug|Any CPU
		{AC2C4844-4BF5-4ABC-A5D3-5322CA99AAF8}.Debug|Any CPU.Build.0 = Debug|Any CPU
		{AC2C4844-4BF5-4ABC-A5D3-5322CA99AAF8}.Release|Any CPU.ActiveCfg = Release|Any CPU
		{AC2C4844-4BF5-4ABC-A5D3-5322CA99AAF8}.Release|Any CPU.Build.0 = Release|Any CPU
		{599A2BC8-C27B-4706-885A-5E06437B6F55}.Debug|Any CPU.ActiveCfg = Debug|Any CPU
		{599A2BC8-C27B-4706-885A-5E06437B6F55}.Debug|Any CPU.Build.0 = Debug|Any CPU
		{599A2BC8-C27B-4706-885A-5E06437B6F55}.Release|Any CPU.ActiveCfg = Release|Any CPU
		{599A2BC8-C27B-4706-885A-5E06437B6F55}.Release|Any CPU.Build.0 = Release|Any CPU
		{21E8A58E-703C-438C-9BAB-85A5BCF2CFF8}.Debug|Any CPU.ActiveCfg = Debug|Any CPU
		{21E8A58E-703C-438C-9BAB-85A5BCF2CFF8}.Debug|Any CPU.Build.0 = Debug|Any CPU
		{21E8A58E-703C-438C-9BAB-85A5BCF2CFF8}.Release|Any CPU.ActiveCfg = Release|Any CPU
		{21E8A58E-703C-438C-9BAB-85A5BCF2CFF8}.Release|Any CPU.Build.0 = Release|Any CPU
	EndGlobalSection
	GlobalSection(SolutionProperties) = preSolution
		HideSolutionNode = FALSE
	EndGlobalSection
	GlobalSection(NestedProjects) = preSolution
		{16840266-3808-4D8D-A5CE-FC7B163DC51B} = {70428B02-8879-4716-B3BA-3AE71D50DBB6}
		{7F76BAEE-13AD-44F5-8918-FF11269A7EF8} = {E555EBB2-2D41-498A-ADCF-2C23008AEB21}
		{71BB5DC9-640A-4787-A67E-A1D03E9486B7} = {70428B02-8879-4716-B3BA-3AE71D50DBB6}
		{AF53F0E7-2AEB-4E57-818C-48E922EEBE99} = {E555EBB2-2D41-498A-ADCF-2C23008AEB21}
		{9B436987-FAB1-481C-A5C0-A7926B3C349A} = {70428B02-8879-4716-B3BA-3AE71D50DBB6}
		{2447C2B9-FD9D-41D3-9615-E46BE6AE6787} = {70428B02-8879-4716-B3BA-3AE71D50DBB6}
		{B91A2C59-3761-4136-876B-76E4BBB5212E} = {E555EBB2-2D41-498A-ADCF-2C23008AEB21}
		{9968E894-4297-43CE-A655-BB659AFA2D7C} = {AF53F0E7-2AEB-4E57-818C-48E922EEBE99}
		{D7CC84BE-9BD5-4200-B64A-BEA0FEADE0F0} = {B91A2C59-3761-4136-876B-76E4BBB5212E}
		{F99D67F8-BAE2-42A6-8402-A0A32A606BBE} = {7F76BAEE-13AD-44F5-8918-FF11269A7EF8}
		{4BCF2A76-10D6-4411-93DD-05E5C1AACC90} = {9B436987-FAB1-481C-A5C0-A7926B3C349A}
		{C1B833E6-9212-438C-BA8A-6C8A02F79397} = {2447C2B9-FD9D-41D3-9615-E46BE6AE6787}
		{AC2C4844-4BF5-4ABC-A5D3-5322CA99AAF8} = {16840266-3808-4D8D-A5CE-FC7B163DC51B}
		{599A2BC8-C27B-4706-885A-5E06437B6F55} = {71BB5DC9-640A-4787-A67E-A1D03E9486B7}
		{1D167908-53C8-4063-BD6E-B5FF8CDB78B1} = {E555EBB2-2D41-498A-ADCF-2C23008AEB21}
		{21E8A58E-703C-438C-9BAB-85A5BCF2CFF8} = {1D167908-53C8-4063-BD6E-B5FF8CDB78B1}
	EndGlobalSection
	GlobalSection(ExtensibilityGlobals) = postSolution
		SolutionGuid = {769FEDDD-AE60-4B57-B216-35CA05041D7A}
	EndGlobalSection
EndGlobal
